<?xml version="1.0" encoding="utf-8"?>
<Project ToolsVersion="4.0" xmlns="http://schemas.microsoft.com/developer/msbuild/2003">
  <ItemGroup>
    <Filter Include="Source Files">
      <UniqueIdentifier>{4FC737F1-C7A5-4376-A066-2A32D752A2FF}</UniqueIdentifier>
      <Extensions>cpp;c;cc;cxx;def;odl;idl;hpj;bat;asm;asmx</Extensions>
    </Filter>
    <Filter Include="Header Files">
      <UniqueIdentifier>{93995380-89BD-4b04-88EB-625FBE52EBFB}</UniqueIdentifier>
      <Extensions>h;hh;hpp;hxx;hm;inl;inc;ipp;xsd</Extensions>
    </Filter>
    <Filter Include="Resource Files">
      <UniqueIdentifier>{67DA6AB6-F800-4c08-8B7A-83BB121AAD01}</UniqueIdentifier>
      <Extensions>rc;ico;cur;bmp;dlg;rc2;rct;bin;rgs;gif;jpg;jpeg;jpe;resx;tiff;tif;png;wav;mfcribbon-ms</Extensions>
    </Filter>
  </ItemGroup>
  <ItemGroup>
    <ClInclude Include="AmberCraftPCH.h">
      <Filter>Header Files</Filter>
    </ClInclude>
    <ClInclude Include="include\AmberCraft\Terrain\BlockData.h">
      <Filter>Header Files</Filter>
    </ClInclude>
    <ClInclude Include="include\AmberCraft\Terrain\Chunk.h">
      <Filter>Header Files</Filter>
    </ClInclude>
    <ClInclude Include="include\AmberCraft\Terrain\ChunkBuffers.h">
      <Filter>Header Files</Filter>
    </ClInclude>
    <ClInclude Include="include\AmberCraft\Terrain\EBlockType.h">
      <Filter>Header Files</Filter>
    </ClInclude>
    <ClInclude Include="include\AmberCraft\Core\Game.h">
      <Filter>Header Files</Filter>
    </ClInclude>
    <ClInclude Include="include\AmberCraft\Gameplay\Player.h">
      <Filter>Header Files</Filter>
    </ClInclude>
    <ClInclude Include="include\AmberCraft\Utils\ServiceLocator.h">
      <Filter>Header Files</Filter>
    </ClInclude>
    <ClInclude Include="include\AmberCraft\Terrain\World.h">
      <Filter>Header Files</Filter>
    </ClInclude>
    <ClInclude Include="include\AmberCraft\Physics\Physics.h">
      <Filter>Header Files</Filter>
    </ClInclude>
    <ClInclude Include="include\AmberCraft\Physics\RaycastCollision.h">
      <Filter>Header Files</Filter>
    </ClInclude>
    <ClInclude Include="include\AmberCraft\UI\DebugUI.h">
      <Filter>Header Files</Filter>
    </ClInclude>
    <ClInclude Include="include\AmberCraft\UI\IPanel.h">
      <Filter>Header Files</Filter>
    </ClInclude>
    <ClInclude Include="include\AmberCraft\Noise\NoiseData.h">
      <Filter>Header Files</Filter>
    </ClInclude>
    <ClInclude Include="include\AmberCraft\Noise\FastNoise.h">
      <Filter>Header Files</Filter>
    </ClInclude>
    <ClInclude Include="include\AmberCraft\Noise\PerlinNoise.h">
      <Filter>Header Files</Filter>
    </ClInclude>
    <ClInclude Include="include\AmberCraft\Terrain\TerrainLayerData.h">
      <Filter>Header Files</Filter>
    </ClInclude>
    <ClInclude Include="include\AmberCraft\Geometry\BlockGeometry.h">
      <Filter>Header Files</Filter>
    </ClInclude>
    <ClInclude Include="include\AmberCraft\Geometry\BlockOutlineGeometry.h">
      <Filter>Header Files</Filter>
    </ClInclude>
    <ClInclude Include="include\AmberCraft\Geometry\Line.h">
      <Filter>Header Files</Filter>
    </ClInclude>
  </ItemGroup>
  <ItemGroup>
    <ClCompile Include="AmberCraft.cpp">
      <Filter>Source Files</Filter>
    </ClCompile>
    <ClCompile Include="AmberCraftPCH.cpp">
      <Filter>Source Files</Filter>
    </ClCompile>
    <ClCompile Include="src\AmberCraft\Gameplay\Player.cpp">
      <Filter>Source Files</Filter>
    </ClCompile>
    <ClCompile Include="src\AmberCraft\Core\Game.cpp">
      <Filter>Source Files</Filter>
    </ClCompile>
    <ClCompile Include="src\AmberCraft\Terrain\Chunk.cpp">
      <Filter>Source Files</Filter>
    </ClCompile>
    <ClCompile Include="src\AmberCraft\Terrain\ChunkBuffers.cpp">
      <Filter>Source Files</Filter>
    </ClCompile>
    <ClCompile Include="src\AmberCraft\Physics\Physics.cpp">
      <Filter>Source Files</Filter>
    </ClCompile>
    <ClCompile Include="src\AmberCraft\Utils\ServiceLocator.cpp">
      <Filter>Source Files</Filter>
    </ClCompile>
    <ClCompile Include="src\AmberCraft\Terrain\World.cpp">
      <Filter>Source Files</Filter>
    </ClCompile>
    <ClCompile Include="src\AmberCraft\UI\DebugUI.cpp">
      <Filter>Source Files</Filter>
    </ClCompile>
    <ClCompile Include="src\AmberCraft\Noise\FastNoise.cpp">
      <Filter>Source Files</Filter>
    </ClCompile>
    <ClCompile Include="src\AmberCraft\Noise\PerlinNoise.cpp">
      <Filter>Source Files</Filter>
    </ClCompile>
    <ClCompile Include="src\AmberCraft\Geometry\BlockGeometry.cpp">
      <Filter>Source Files</Filter>
    </ClCompile>
    <ClCompile Include="src\AmberCraft\Geometry\BlockOutlineGeometry.cpp">
      <Filter>Source Files</Filter>
    </ClCompile>
    <ClCompile Include="src\AmberCraft\Geometry\Line.cpp">
      <Filter>Source Files</Filter>
    </ClCompile>
  </ItemGroup>
  <ItemGroup>
    <Image Include="res\textures\blocks.png">
      <Filter>Resource Files</Filter>
    </Image>
  </ItemGroup>
  <ItemGroup>
    <None Include="res\shaders\Chunk.fs" />
    <None Include="res\shaders\Chunk.vs" />
    <None Include="res\shaders\outline.fs" />
    <None Include="res\shaders\Outline.glsl" />
    <None Include="res\shaders\outline.vs" />
    <None Include="res\shaders\Unlit.glsl" />
  </ItemGroup>
</Project>